// !$*UTF8*$!
{
	archiveVersion = 1;
	classes = {
	};
	objectVersion = 56;
	objects = {

/* Begin PBXBuildFile section */
		64C56CDD2BB5FACD00E0C80C /* MyOnlineStoreApp.swift in Sources */ = {isa = PBXBuildFile; fileRef = 64C56CDC2BB5FACD00E0C80C /* MyOnlineStoreApp.swift */; };
		64C56CE12BB5FACE00E0C80C /* Assets.xcassets in Resources */ = {isa = PBXBuildFile; fileRef = 64C56CE02BB5FACE00E0C80C /* Assets.xcassets */; };
		64C56CE42BB5FACE00E0C80C /* Preview Assets.xcassets in Resources */ = {isa = PBXBuildFile; fileRef = 64C56CE32BB5FACE00E0C80C /* Preview Assets.xcassets */; };
		64C56CEC2BB5FBC700E0C80C /* Product.swift in Sources */ = {isa = PBXBuildFile; fileRef = 64C56CEB2BB5FBC700E0C80C /* Product.swift */; };
		64C56CEE2BB5FD2E00E0C80C /* ProductView.swift in Sources */ = {isa = PBXBuildFile; fileRef = 64C56CED2BB5FD2E00E0C80C /* ProductView.swift */; };
		64C56CF02BB5FD3A00E0C80C /* ProductViewModel.swift in Sources */ = {isa = PBXBuildFile; fileRef = 64C56CEF2BB5FD3A00E0C80C /* ProductViewModel.swift */; };
		64C56CF32BB5FE8F00E0C80C /* NetworkService.swift in Sources */ = {isa = PBXBuildFile; fileRef = 64C56CF22BB5FE8F00E0C80C /* NetworkService.swift */; };
		64C56CF52BB5FEB500E0C80C /* NetworkServiceProtocol.swift in Sources */ = {isa = PBXBuildFile; fileRef = 64C56CF42BB5FEB500E0C80C /* NetworkServiceProtocol.swift */; };
		64C56CF72BB5FF1100E0C80C /* NetworkError.swift in Sources */ = {isa = PBXBuildFile; fileRef = 64C56CF62BB5FF1100E0C80C /* NetworkError.swift */; };
		64C56CF92BB6073200E0C80C /* ProductRowView.swift in Sources */ = {isa = PBXBuildFile; fileRef = 64C56CF82BB6073200E0C80C /* ProductRowView.swift */; };
		64C56CFB2BB607EF00E0C80C /* ProductThumbnailView.swift in Sources */ = {isa = PBXBuildFile; fileRef = 64C56CFA2BB607EF00E0C80C /* ProductThumbnailView.swift */; };
		64C56CFD2BB6080800E0C80C /* ProductThumbnailViewModel.swift in Sources */ = {isa = PBXBuildFile; fileRef = 64C56CFC2BB6080800E0C80C /* ProductThumbnailViewModel.swift */; };
		64C56CFF2BB60F9100E0C80C /* ProductDetailView.swift in Sources */ = {isa = PBXBuildFile; fileRef = 64C56CFE2BB60F9100E0C80C /* ProductDetailView.swift */; };
		64C56D012BB60FC500E0C80C /* ProductDetailViewModel.swift in Sources */ = {isa = PBXBuildFile; fileRef = 64C56D002BB60FC500E0C80C /* ProductDetailViewModel.swift */; };
/* End PBXBuildFile section */

/* Begin PBXFileReference section */
		64C56CD92BB5FACD00E0C80C /* MyOnlineStore.app */ = {isa = PBXFileReference; explicitFileType = wrapper.application; includeInIndex = 0; path = MyOnlineStore.app; sourceTree = BUILT_PRODUCTS_DIR; };
		64C56CDC2BB5FACD00E0C80C /* MyOnlineStoreApp.swift */ = {isa = PBXFileReference; lastKnownFileType = sourcecode.swift; path = MyOnlineStoreApp.swift; sourceTree = "<group>"; };
		64C56CE02BB5FACE00E0C80C /* Assets.xcassets */ = {isa = PBXFileReference; lastKnownFileType = folder.assetcatalog; path = Assets.xcassets; sourceTree = "<group>"; };
		64C56CE32BB5FACE00E0C80C /* Preview Assets.xcassets */ = {isa = PBXFileReference; lastKnownFileType = folder.assetcatalog; path = "Preview Assets.xcassets"; sourceTree = "<group>"; };
		64C56CEB2BB5FBC700E0C80C /* Product.swift */ = {isa = PBXFileReference; lastKnownFileType = sourcecode.swift; path = Product.swift; sourceTree = "<group>"; };
		64C56CED2BB5FD2E00E0C80C /* ProductView.swift */ = {isa = PBXFileReference; lastKnownFileType = sourcecode.swift; path = ProductView.swift; sourceTree = "<group>"; };
		64C56CEF2BB5FD3A00E0C80C /* ProductViewModel.swift */ = {isa = PBXFileReference; lastKnownFileType = sourcecode.swift; path = ProductViewModel.swift; sourceTree = "<group>"; };
		64C56CF22BB5FE8F00E0C80C /* NetworkService.swift */ = {isa = PBXFileReference; lastKnownFileType = sourcecode.swift; path = NetworkService.swift; sourceTree = "<group>"; };
		64C56CF42BB5FEB500E0C80C /* NetworkServiceProtocol.swift */ = {isa = PBXFileReference; lastKnownFileType = sourcecode.swift; path = NetworkServiceProtocol.swift; sourceTree = "<group>"; };
		64C56CF62BB5FF1100E0C80C /* NetworkError.swift */ = {isa = PBXFileReference; lastKnownFileType = sourcecode.swift; path = NetworkError.swift; sourceTree = "<group>"; };
		64C56CF82BB6073200E0C80C /* ProductRowView.swift */ = {isa = PBXFileReference; lastKnownFileType = sourcecode.swift; path = ProductRowView.swift; sourceTree = "<group>"; };
		64C56CFA2BB607EF00E0C80C /* ProductThumbnailView.swift */ = {isa = PBXFileReference; lastKnownFileType = sourcecode.swift; path = ProductThumbnailView.swift; sourceTree = "<group>"; };
		64C56CFC2BB6080800E0C80C /* ProductThumbnailViewModel.swift */ = {isa = PBXFileReference; lastKnownFileType = sourcecode.swift; path = ProductThumbnailViewModel.swift; sourceTree = "<group>"; };
		64C56CFE2BB60F9100E0C80C /* ProductDetailView.swift */ = {isa = PBXFileReference; lastKnownFileType = sourcecode.swift; path = ProductDetailView.swift; sourceTree = "<group>"; };
		64C56D002BB60FC500E0C80C /* ProductDetailViewModel.swift */ = {isa = PBXFileReference; lastKnownFileType = sourcecode.swift; path = ProductDetailViewModel.swift; sourceTree = "<group>"; };
/* End PBXFileReference section */

/* Begin PBXFrameworksBuildPhase section */
		64C56CD62BB5FACD00E0C80C /* Frameworks */ = {
			isa = PBXFrameworksBuildPhase;
			buildActionMask = 2147483647;
			files = (
			);
			runOnlyForDeploymentPostprocessing = 0;
		};
/* End PBXFrameworksBuildPhase section */

/* Begin PBXGroup section */
		64C56CD02BB5FACD00E0C80C = {
			isa = PBXGroup;
			children = (
				64C56CDB2BB5FACD00E0C80C /* MyOnlineStore */,
				64C56CDA2BB5FACD00E0C80C /* Products */,
			);
			sourceTree = "<group>";
		};
		64C56CDA2BB5FACD00E0C80C /* Products */ = {
			isa = PBXGroup;
			children = (
				64C56CD92BB5FACD00E0C80C /* MyOnlineStore.app */,
			);
			name = Products;
			sourceTree = "<group>";
		};
		64C56CDB2BB5FACD00E0C80C /* MyOnlineStore */ = {
			isa = PBXGroup;
			children = (
				64C56CF12BB5FE7B00E0C80C /* Networking */,
				64C56CEA2BB5FBAE00E0C80C /* MyProducts */,
				64C56CDC2BB5FACD00E0C80C /* MyOnlineStoreApp.swift */,
				64C56CE02BB5FACE00E0C80C /* Assets.xcassets */,
				64C56CE22BB5FACE00E0C80C /* Preview Content */,
			);
			path = MyOnlineStore;
			sourceTree = "<group>";
		};
		64C56CE22BB5FACE00E0C80C /* Preview Content */ = {
			isa = PBXGroup;
			children = (
				64C56CE32BB5FACE00E0C80C /* Preview Assets.xcassets */,
			);
			path = "Preview Content";
			sourceTree = "<group>";
		};
		64C56CEA2BB5FBAE00E0C80C /* MyProducts */ = {
			isa = PBXGroup;
			children = (
				64C56CED2BB5FD2E00E0C80C /* ProductView.swift */,
				64C56CEF2BB5FD3A00E0C80C /* ProductViewModel.swift */,
				64C56CEB2BB5FBC700E0C80C /* Product.swift */,
				64C56CF82BB6073200E0C80C /* ProductRowView.swift */,
				64C56CFA2BB607EF00E0C80C /* ProductThumbnailView.swift */,
				64C56CFC2BB6080800E0C80C /* ProductThumbnailViewModel.swift */,
				64C56CFE2BB60F9100E0C80C /* ProductDetailView.swift */,
				64C56D002BB60FC500E0C80C /* ProductDetailViewModel.swift */,
			);
			path = MyProducts;
			sourceTree = "<group>";
		};
		64C56CF12BB5FE7B00E0C80C /* Networking */ = {
			isa = PBXGroup;
			children = (
				64C56CF22BB5FE8F00E0C80C /* NetworkService.swift */,
				64C56CF42BB5FEB500E0C80C /* NetworkServiceProtocol.swift */,
				64C56CF62BB5FF1100E0C80C /* NetworkError.swift */,
			);
			path = Networking;
			sourceTree = "<group>";
		};
/* End PBXGroup section */

/* Begin PBXNativeTarget section */
		64C56CD82BB5FACD00E0C80C /* MyOnlineStore */ = {
			isa = PBXNativeTarget;
			buildConfigurationList = 64C56CE72BB5FACE00E0C80C /* Build configuration list for PBXNativeTarget "MyOnlineStore" */;
			buildPhases = (
				64C56CD52BB5FACD00E0C80C /* Sources */,
				64C56CD62BB5FACD00E0C80C /* Frameworks */,
				64C56CD72BB5FACD00E0C80C /* Resources */,
			);
			buildRules = (
			);
			dependencies = (
			);
			name = MyOnlineStore;
			productName = MyOnlineStore;
			productReference = 64C56CD92BB5FACD00E0C80C /* MyOnlineStore.app */;
			productType = "com.apple.product-type.application";
		};
/* End PBXNativeTarget section */

/* Begin PBXProject section */
		64C56CD12BB5FACD00E0C80C /* Project object */ = {
			isa = PBXProject;
			attributes = {
				BuildIndependentTargetsInParallel = 1;
				LastSwiftUpdateCheck = 1520;
				LastUpgradeCheck = 1520;
				TargetAttributes = {
					64C56CD82BB5FACD00E0C80C = {
						CreatedOnToolsVersion = 15.2;
					};
				};
			};
			buildConfigurationList = 64C56CD42BB5FACD00E0C80C /* Build configuration list for PBXProject "MyOnlineStore" */;
			compatibilityVersion = "Xcode 14.0";
			developmentRegion = en;
			hasScannedForEncodings = 0;
			knownRegions = (
				en,
				Base,
			);
			mainGroup = 64C56CD02BB5FACD00E0C80C;
			productRefGroup = 64C56CDA2BB5FACD00E0C80C /* Products */;
			projectDirPath = "";
			projectRoot = "";
			targets = (
				64C56CD82BB5FACD00E0C80C /* MyOnlineStore */,
			);
		};
/* End PBXProject section */

/* Begin PBXResourcesBuildPhase section */
		64C56CD72BB5FACD00E0C80C /* Resources */ = {
			isa = PBXResourcesBuildPhase;
			buildActionMask = 2147483647;
			files = (
				64C56CE42BB5FACE00E0C80C /* Preview Assets.xcassets in Resources */,
				64C56CE12BB5FACE00E0C80C /* Assets.xcassets in Resources */,
			);
			runOnlyForDeploymentPostprocessing = 0;
		};
/* End PBXResourcesBuildPhase section */

/* Begin PBXSourcesBuildPhase section */
		64C56CD52BB5FACD00E0C80C /* Sources */ = {
			isa = PBXSourcesBuildPhase;
			buildActionMask = 2147483647;
			files = (
				64C56CF32BB5FE8F00E0C80C /* NetworkService.swift in Sources */,
				64C56CF72BB5FF1100E0C80C /* NetworkError.swift in Sources */,
				64C56CFF2BB60F9100E0C80C /* ProductDetailView.swift in Sources */,
				64C56CDD2BB5FACD00E0C80C /* MyOnlineStoreApp.swift in Sources */,
				64C56CF92BB6073200E0C80C /* ProductRowView.swift in Sources */,
				64C56CF52BB5FEB500E0C80C /* NetworkServiceProtocol.swift in Sources */,
				64C56CEE2BB5FD2E00E0C80C /* ProductView.swift in Sources */,
				64C56CF02BB5FD3A00E0C80C /* ProductViewModel.swift in Sources */,
				64C56CFD2BB6080800E0C80C /* ProductThumbnailViewModel.swift in Sources */,
				64C56CFB2BB607EF00E0C80C /* ProductThumbnailView.swift in Sources */,
				64C56CEC2BB5FBC700E0C80C /* Product.swift in Sources */,
				64C56D012BB60FC500E0C80C /* ProductDetailViewModel.swift in Sources */,
			);
			runOnlyForDeploymentPostprocessing = 0;
		};
/* End PBXSourcesBuildPhase section */

/* Begin XCBuildConfiguration section */
		64C56CE52BB5FACE00E0C80C /* Debug */ = {
			isa = XCBuildConfiguration;
			buildSettings = {
				ALWAYS_SEARCH_USER_PATHS = NO;
				ASSETCATALOG_COMPILER_GENERATE_SWIFT_ASSET_SYMBOL_EXTENSIONS = YES;
				CLANG_ANALYZER_NONNULL = YES;
				CLANG_ANALYZER_NUMBER_OBJECT_CONVERSION = YES_AGGRESSIVE;
				CLANG_CXX_LANGUAGE_STANDARD = "gnu++20";
				CLANG_ENABLE_MODULES = YES;
				CLANG_ENABLE_OBJC_ARC = YES;
				CLANG_ENABLE_OBJC_WEAK = YES;
				CLANG_WARN_BLOCK_CAPTURE_AUTORELEASING = YES;
				CLANG_WARN_BOOL_CONVERSION = YES;
				CLANG_WARN_COMMA = YES;
				CLANG_WARN_CONSTANT_CONVERSION = YES;
				CLANG_WARN_DEPRECATED_OBJC_IMPLEMENTATIONS = YES;
				CLANG_WARN_DIRECT_OBJC_ISA_USAGE = YES_ERROR;
				CLANG_WARN_DOCUMENTATION_COMMENTS = YES;
				CLANG_WARN_EMPTY_BODY = YES;
				CLANG_WARN_ENUM_CONVERSION = YES;
				CLANG_WARN_INFINITE_RECURSION = YES;
				CLANG_WARN_INT_CONVERSION = YES;
				CLANG_WARN_NON_LITERAL_NULL_CONVERSION = YES;
				CLANG_WARN_OBJC_IMPLICIT_RETAIN_SELF = YES;
				CLANG_WARN_OBJC_LITERAL_CONVERSION = YES;
				CLANG_WARN_OBJC_ROOT_CLASS = YES_ERROR;
				CLANG_WARN_QUOTED_INCLUDE_IN_FRAMEWORK_HEADER = YES;
				CLANG_WARN_RANGE_LOOP_ANALYSIS = YES;
				CLANG_WARN_STRICT_PROTOTYPES = YES;
				CLANG_WARN_SUSPICIOUS_MOVE = YES;
				CLANG_WARN_UNGUARDED_AVAILABILITY = YES_AGGRESSIVE;
				CLANG_WARN_UNREACHABLE_CODE = YES;
				CLANG_WARN__DUPLICATE_METHOD_MATCH = YES;
				COPY_PHASE_STRIP = NO;
				DEBUG_INFORMATION_FORMAT = dwarf;
				ENABLE_STRICT_OBJC_MSGSEND = YES;
				ENABLE_TESTABILITY = YES;
				ENABLE_USER_SCRIPT_SANDBOXING = YES;
				GCC_C_LANGUAGE_STANDARD = gnu17;
				GCC_DYNAMIC_NO_PIC = NO;
				GCC_NO_COMMON_BLOCKS = YES;
				GCC_OPTIMIZATION_LEVEL = 0;
				GCC_PREPROCESSOR_DEFINITIONS = (
					"DEBUG=1",
					"$(inherited)",
				);
				GCC_WARN_64_TO_32_BIT_CONVERSION = YES;
				GCC_WARN_ABOUT_RETURN_TYPE = YES_ERROR;
				GCC_WARN_UNDECLARED_SELECTOR = YES;
				GCC_WARN_UNINITIALIZED_AUTOS = YES_AGGRESSIVE;
				GCC_WARN_UNUSED_FUNCTION = YES;
				GCC_WARN_UNUSED_VARIABLE = YES;
				IPHONEOS_DEPLOYMENT_TARGET = 17.2;
				LOCALIZATION_PREFERS_STRING_CATALOGS = YES;
				MTL_ENABLE_DEBUG_INFO = INCLUDE_SOURCE;
				MTL_FAST_MATH = YES;
				ONLY_ACTIVE_ARCH = YES;
				SDKROOT = iphoneos;
				SWIFT_ACTIVE_COMPILATION_CONDITIONS = "DEBUG $(inherited)";
				SWIFT_OPTIMIZATION_LEVEL = "-Onone";
			};
			name = Debug;
		};
		64C56CE62BB5FACE00E0C80C /* Release */ = {
			isa = XCBuildConfiguration;
			buildSettings = {
				ALWAYS_SEARCH_USER_PATHS = NO;
				ASSETCATALOG_COMPILER_GENERATE_SWIFT_ASSET_SYMBOL_EXTENSIONS = YES;
				CLANG_ANALYZER_NONNULL = YES;
				CLANG_ANALYZER_NUMBER_OBJECT_CONVERSION = YES_AGGRESSIVE;
				CLANG_CXX_LANGUAGE_STANDARD = "gnu++20";
				CLANG_ENABLE_MODULES = YES;
				CLANG_ENABLE_OBJC_ARC = YES;
				CLANG_ENABLE_OBJC_WEAK = YES;
				CLANG_WARN_BLOCK_CAPTURE_AUTORELEASING = YES;
				CLANG_WARN_BOOL_CONVERSION = YES;
				CLANG_WARN_COMMA = YES;
				CLANG_WARN_CONSTANT_CONVERSION = YES;
				CLANG_WARN_DEPRECATED_OBJC_IMPLEMENTATIONS = YES;
				CLANG_WARN_DIRECT_OBJC_ISA_USAGE = YES_ERROR;
				CLANG_WARN_DOCUMENTATION_COMMENTS = YES;
				CLANG_WARN_EMPTY_BODY = YES;
				CLANG_WARN_ENUM_CONVERSION = YES;
				CLANG_WARN_INFINITE_RECURSION = YES;
				CLANG_WARN_INT_CONVERSION = YES;
				CLANG_WARN_NON_LITERAL_NULL_CONVERSION = YES;
				CLANG_WARN_OBJC_IMPLICIT_RETAIN_SELF = YES;
				CLANG_WARN_OBJC_LITERAL_CONVERSION = YES;
				CLANG_WARN_OBJC_ROOT_CLASS = YES_ERROR;
				CLANG_WARN_QUOTED_INCLUDE_IN_FRAMEWORK_HEADER = YES;
				CLANG_WARN_RANGE_LOOP_ANALYSIS = YES;
				CLANG_WARN_STRICT_PROTOTYPES = YES;
				CLANG_WARN_SUSPICIOUS_MOVE = YES;
				CLANG_WARN_UNGUARDED_AVAILABILITY = YES_AGGRESSIVE;
				CLANG_WARN_UNREACHABLE_CODE = YES;
				CLANG_WARN__DUPLICATE_METHOD_MATCH = YES;
				COPY_PHASE_STRIP = NO;
				DEBUG_INFORMATION_FORMAT = "dwarf-with-dsym";
				ENABLE_NS_ASSERTIONS = NO;
				ENABLE_STRICT_OBJC_MSGSEND = YES;
				ENABLE_USER_SCRIPT_SANDBOXING = YES;
				GCC_C_LANGUAGE_STANDARD = gnu17;
				GCC_NO_COMMON_BLOCKS = YES;
				GCC_WARN_64_TO_32_BIT_CONVERSION = YES;
				GCC_WARN_ABOUT_RETURN_TYPE = YES_ERROR;
				GCC_WARN_UNDECLARED_SELECTOR = YES;
				GCC_WARN_UNINITIALIZED_AUTOS = YES_AGGRESSIVE;
				GCC_WARN_UNUSED_FUNCTION = YES;
				GCC_WARN_UNUSED_VARIABLE = YES;
				IPHONEOS_DEPLOYMENT_TARGET = 17.2;
				LOCALIZATION_PREFERS_STRING_CATALOGS = YES;
				MTL_ENABLE_DEBUG_INFO = NO;
				MTL_FAST_MATH = YES;
				SDKROOT = iphoneos;
				SWIFT_COMPILATION_MODE = wholemodule;
				VALIDATE_PRODUCT = YES;
			};
			name = Release;
		};
		64C56CE82BB5FACE00E0C80C /* Debug */ = {
			isa = XCBuildConfiguration;
			buildSettings = {
				ASSETCATALOG_COMPILER_APPICON_NAME = AppIcon;
				ASSETCATALOG_COMPILER_GLOBAL_ACCENT_COLOR_NAME = AccentColor;
				CODE_SIGN_STYLE = Automatic;
				CURRENT_PROJECT_VERSION = 1;
				DEVELOPMENT_ASSET_PATHS = "\"MyOnlineStore/Preview Content\"";
				ENABLE_PREVIEWS = YES;
				GENERATE_INFOPLIST_FILE = YES;
				INFOPLIST_KEY_UIApplicationSceneManifest_Generation = YES;
				INFOPLIST_KEY_UIApplicationSupportsIndirectInputEvents = YES;
				INFOPLIST_KEY_UILaunchScreen_Generation = YES;
				INFOPLIST_KEY_UISupportedInterfaceOrientations_iPad = "UIInterfaceOrientationPortrait UIInterfaceOrientationPortraitUpsideDown UIInterfaceOrientationLandscapeLeft UIInterfaceOrientationLandscapeRight";
				INFOPLIST_KEY_UISupportedInterfaceOrientations_iPhone = "UIInterfaceOrientationPortrait UIInterfaceOrientationLandscapeLeft UIInterfaceOrientationLandscapeRight";
				LD_RUNPATH_SEARCH_PATHS = (
					"$(inherited)",
					"@executable_path/Frameworks",
				);
				MARKETING_VERSION = 1.0;
				PRODUCT_BUNDLE_IDENTIFIER = ronak.MyOnlineStore;
				PRODUCT_NAME = "$(TARGET_NAME)";
				SWIFT_EMIT_LOC_STRINGS = YES;
				SWIFT_VERSION = 5.0;
				TARGETED_DEVICE_FAMILY = "1,2";
			};
			name = Debug;
		};
		64C56CE92BB5FACE00E0C80C /* Release */ = {
			isa = XCBuildConfiguration;
			buildSettings = {
				ASSETCATALOG_COMPILER_APPICON_NAME = AppIcon;
				ASSETCATALOG_COMPILER_GLOBAL_ACCENT_COLOR_NAME = AccentColor;
				CODE_SIGN_STYLE = Automatic;
				CURRENT_PROJECT_VERSION = 1;
				DEVELOPMENT_ASSET_PATHS = "\"MyOnlineStore/Preview Content\"";
				ENABLE_PREVIEWS = YES;
				GENERATE_INFOPLIST_FILE = YES;
				INFOPLIST_KEY_UIApplicationSceneManifest_Generation = YES;
				INFOPLIST_KEY_UIApplicationSupportsIndirectInputEvents = YES;
				INFOPLIST_KEY_UILaunchScreen_Generation = YES;
				INFOPLIST_KEY_UISupportedInterfaceOrientations_iPad = "UIInterfaceOrientationPortrait UIInterfaceOrientationPortraitUpsideDown UIInterfaceOrientationLandscapeLeft UIInterfaceOrientationLandscapeRight";
				INFOPLIST_KEY_UISupportedInterfaceOrientations_iPhone = "UIInterfaceOrientationPortrait UIInterfaceOrientationLandscapeLeft UIInterfaceOrientationLandscapeRight";
				LD_RUNPATH_SEARCH_PATHS = (
					"$(inherited)",
					"@executable_path/Frameworks",
				);
				MARKETING_VERSION = 1.0;
				PRODUCT_BUNDLE_IDENTIFIER = ronak.MyOnlineStore;
				PRODUCT_NAME = "$(TARGET_NAME)";
				SWIFT_EMIT_LOC_STRINGS = YES;
				SWIFT_VERSION = 5.0;
				TARGETED_DEVICE_FAMILY = "1,2";
			};
			name = Release;
		};
/* End XCBuildConfiguration section */

/* Begin XCConfigurationList section */
		64C56CD42BB5FACD00E0C80C /* Build configuration list for PBXProject "MyOnlineStore" */ = {
			isa = XCConfigurationList;
			buildConfigurations = (
				64C56CE52BB5FACE00E0C80C /* Debug */,
				64C56CE62BB5FACE00E0C80C /* Release */,
			);
			defaultConfigurationIsVisible = 0;
			defaultConfigurationName = Release;
		};
		64C56CE72BB5FACE00E0C80C /* Build configuration list for PBXNativeTarget "MyOnlineStore" */ = {
			isa = XCConfigurationList;
			buildConfigurations = (
				64C56CE82BB5FACE00E0C80C /* Debug */,
				64C56CE92BB5FACE00E0C80C /* Release */,
			);
			defaultConfigurationIsVisible = 0;
			defaultConfigurationName = Release;
		};
/* End XCConfigurationList section */
	};
	rootObject = 64C56CD12BB5FACD00E0C80C /* Project object */;
}
